
Microsoft Visual Studio Solution File, Format Version 12.00
# Visual Studio Version 17
VisualStudioVersion = 17.3.32922.545
MinimumVisualStudioVersion = 10.0.40219.1
Project("{FAE04EC0-301F-11D3-BF4B-00C04F79EFBC}") = "KonzolApp", "KonzolApp\KonzolApp.csproj", "{8CEA7AD9-4B99-45C5-B652-595193FE5C28}"
EndProject
Project("{FAE04EC0-301F-11D3-BF4B-00C04F79EFBC}") = "Common", "Common\Common.csproj", "{400F59BF-FB4E-462F-A008-5542AD918204}"
EndProject
Project("{FAE04EC0-301F-11D3-BF4B-00C04F79EFBC}") = "Tests", "Tests\Tests.csproj", "{F545F712-8A18-4A32-B258-97C58BAB36F5}"
EndProject
Global
	GlobalSection(SolutionConfigurationPlatforms) = preSolution
		Debug|Any CPU = Debug|Any CPU
		Release|Any CPU = Release|Any CPU
	EndGlobalSection
	GlobalSection(ProjectConfigurationPlatforms) = postSolution
		{8CEA7AD9-4B99-45C5-B652-595193FE5C28}.Debug|Any CPU.ActiveCfg = Debug|Any CPU
		{8CEA7AD9-4B99-45C5-B652-595193FE5C28}.Debug|Any CPU.Build.0 = Debug|Any CPU
		{8CEA7AD9-4B99-45C5-B652-595193FE5C28}.Release|Any CPU.ActiveCfg = Release|Any CPU
		{8CEA7AD9-4B99-45C5-B652-595193FE5C28}.Release|Any CPU.Build.0 = Release|Any CPU
		{400F59BF-FB4E-462F-A008-5542AD918204}.Debug|Any CPU.ActiveCfg = Debug|Any CPU
		{400F59BF-FB4E-462F-A008-5542AD918204}.Debug|Any CPU.Build.0 = Debug|Any CPU
		{400F59BF-FB4E-462F-A008-5542AD918204}.Release|Any CPU.ActiveCfg = Release|Any CPU
		{400F59BF-FB4E-462F-A008-5542AD918204}.Release|Any CPU.Build.0 = Release|Any CPU
		{F545F712-8A18-4A32-B258-97C58BAB36F5}.Debug|Any CPU.ActiveCfg = Debug|Any CPU
		{F545F712-8A18-4A32-B258-97C58BAB36F5}.Debug|Any CPU.Build.0 = Debug|Any CPU
		{F545F712-8A18-4A32-B258-97C58BAB36F5}.Release|Any CPU.ActiveCfg = Release|Any CPU
		{F545F712-8A18-4A32-B258-97C58BAB36F5}.Release|Any CPU.Build.0 = Release|Any CPU
	EndGlobalSection
	GlobalSection(SolutionProperties) = preSolution
		HideSolutionNode = FALSE
	EndGlobalSection
	GlobalSection(ExtensibilityGlobals) = postSolution
		SolutionGuid = {0047CFD5-FBE9-4B56-828F-CED04CAC409E}
	EndGlobalSection
EndGlobal
