
Microsoft Visual Studio Solution File, Format Version 12.00
# Visual Studio Version 17
VisualStudioVersion = 17.3.32922.545
MinimumVisualStudioVersion = 10.0.40219.1
Project("{9A19103F-16F7-4668-BE54-9A1E7A4F7556}") = "CommonTests", "CommonTests\CommonTests.csproj", "{AA7794EF-9DBC-4D99-AE4C-C6F8E12A11E2}"
EndProject
Project("{FAE04EC0-301F-11D3-BF4B-00C04F79EFBC}") = "AdminGui", "AdminGui\AdminGui.csproj", "{4BEF89A2-4877-497F-BC10-84521B32A7E1}"
EndProject
Project("{9A19103F-16F7-4668-BE54-9A1E7A4F7556}") = "Core", "Core\Core.csproj", "{5FB298A9-5EC4-41DB-BBCD-E97B9FB5E1B3}"
EndProject
Project("{9A19103F-16F7-4668-BE54-9A1E7A4F7556}") = "WebApp.Server", "WebApp\Server\WebApp.Server.csproj", "{FDA26813-571D-4E88-B6A4-A6CE8A101002}"
EndProject
Project("{9A19103F-16F7-4668-BE54-9A1E7A4F7556}") = "WebApp.Client", "WebApp\Client\WebApp.Client.csproj", "{7A852097-EFE8-4CAF-B2F6-1AF2BEF93202}"
EndProject
Project("{9A19103F-16F7-4668-BE54-9A1E7A4F7556}") = "WebApp.Shared", "WebApp\Shared\WebApp.Shared.csproj", "{AF6165EC-3550-4728-813E-9D686BF5B6EA}"
EndProject
Global
	GlobalSection(SolutionConfigurationPlatforms) = preSolution
		Debug|Any CPU = Debug|Any CPU
		Debug|ARM = Debug|ARM
		Debug|ARM64 = Debug|ARM64
		Debug|x64 = Debug|x64
		Debug|x86 = Debug|x86
		Release|Any CPU = Release|Any CPU
		Release|ARM = Release|ARM
		Release|ARM64 = Release|ARM64
		Release|x64 = Release|x64
		Release|x86 = Release|x86
	EndGlobalSection
	GlobalSection(ProjectConfigurationPlatforms) = postSolution
		{AA7794EF-9DBC-4D99-AE4C-C6F8E12A11E2}.Debug|Any CPU.ActiveCfg = Debug|Any CPU
		{AA7794EF-9DBC-4D99-AE4C-C6F8E12A11E2}.Debug|Any CPU.Build.0 = Debug|Any CPU
		{AA7794EF-9DBC-4D99-AE4C-C6F8E12A11E2}.Debug|ARM.ActiveCfg = Debug|Any CPU
		{AA7794EF-9DBC-4D99-AE4C-C6F8E12A11E2}.Debug|ARM.Build.0 = Debug|Any CPU
		{AA7794EF-9DBC-4D99-AE4C-C6F8E12A11E2}.Debug|ARM64.ActiveCfg = Debug|Any CPU
		{AA7794EF-9DBC-4D99-AE4C-C6F8E12A11E2}.Debug|ARM64.Build.0 = Debug|Any CPU
		{AA7794EF-9DBC-4D99-AE4C-C6F8E12A11E2}.Debug|x64.ActiveCfg = Debug|Any CPU
		{AA7794EF-9DBC-4D99-AE4C-C6F8E12A11E2}.Debug|x64.Build.0 = Debug|Any CPU
		{AA7794EF-9DBC-4D99-AE4C-C6F8E12A11E2}.Debug|x86.ActiveCfg = Debug|Any CPU
		{AA7794EF-9DBC-4D99-AE4C-C6F8E12A11E2}.Debug|x86.Build.0 = Debug|Any CPU
		{AA7794EF-9DBC-4D99-AE4C-C6F8E12A11E2}.Release|Any CPU.ActiveCfg = Release|Any CPU
		{AA7794EF-9DBC-4D99-AE4C-C6F8E12A11E2}.Release|Any CPU.Build.0 = Release|Any CPU
		{AA7794EF-9DBC-4D99-AE4C-C6F8E12A11E2}.Release|ARM.ActiveCfg = Release|Any CPU
		{AA7794EF-9DBC-4D99-AE4C-C6F8E12A11E2}.Release|ARM.Build.0 = Release|Any CPU
		{AA7794EF-9DBC-4D99-AE4C-C6F8E12A11E2}.Release|ARM64.ActiveCfg = Release|Any CPU
		{AA7794EF-9DBC-4D99-AE4C-C6F8E12A11E2}.Release|ARM64.Build.0 = Release|Any CPU
		{AA7794EF-9DBC-4D99-AE4C-C6F8E12A11E2}.Release|x64.ActiveCfg = Release|Any CPU
		{AA7794EF-9DBC-4D99-AE4C-C6F8E12A11E2}.Release|x64.Build.0 = Release|Any CPU
		{AA7794EF-9DBC-4D99-AE4C-C6F8E12A11E2}.Release|x86.ActiveCfg = Release|Any CPU
		{AA7794EF-9DBC-4D99-AE4C-C6F8E12A11E2}.Release|x86.Build.0 = Release|Any CPU
		{4BEF89A2-4877-497F-BC10-84521B32A7E1}.Debug|Any CPU.ActiveCfg = Debug|x64
		{4BEF89A2-4877-497F-BC10-84521B32A7E1}.Debug|Any CPU.Build.0 = Debug|x64
		{4BEF89A2-4877-497F-BC10-84521B32A7E1}.Debug|Any CPU.Deploy.0 = Debug|x64
		{4BEF89A2-4877-497F-BC10-84521B32A7E1}.Debug|ARM.ActiveCfg = Debug|ARM
		{4BEF89A2-4877-497F-BC10-84521B32A7E1}.Debug|ARM.Build.0 = Debug|ARM
		{4BEF89A2-4877-497F-BC10-84521B32A7E1}.Debug|ARM.Deploy.0 = Debug|ARM
		{4BEF89A2-4877-497F-BC10-84521B32A7E1}.Debug|ARM64.ActiveCfg = Debug|ARM64
		{4BEF89A2-4877-497F-BC10-84521B32A7E1}.Debug|ARM64.Build.0 = Debug|ARM64
		{4BEF89A2-4877-497F-BC10-84521B32A7E1}.Debug|ARM64.Deploy.0 = Debug|ARM64
		{4BEF89A2-4877-497F-BC10-84521B32A7E1}.Debug|x64.ActiveCfg = Debug|x64
		{4BEF89A2-4877-497F-BC10-84521B32A7E1}.Debug|x64.Build.0 = Debug|x64
		{4BEF89A2-4877-497F-BC10-84521B32A7E1}.Debug|x64.Deploy.0 = Debug|x64
		{4BEF89A2-4877-497F-BC10-84521B32A7E1}.Debug|x86.ActiveCfg = Debug|x86
		{4BEF89A2-4877-497F-BC10-84521B32A7E1}.Debug|x86.Build.0 = Debug|x86
		{4BEF89A2-4877-497F-BC10-84521B32A7E1}.Debug|x86.Deploy.0 = Debug|x86
		{4BEF89A2-4877-497F-BC10-84521B32A7E1}.Release|Any CPU.ActiveCfg = Release|x64
		{4BEF89A2-4877-497F-BC10-84521B32A7E1}.Release|Any CPU.Build.0 = Release|x64
		{4BEF89A2-4877-497F-BC10-84521B32A7E1}.Release|Any CPU.Deploy.0 = Release|x64
		{4BEF89A2-4877-497F-BC10-84521B32A7E1}.Release|ARM.ActiveCfg = Release|ARM
		{4BEF89A2-4877-497F-BC10-84521B32A7E1}.Release|ARM.Build.0 = Release|ARM
		{4BEF89A2-4877-497F-BC10-84521B32A7E1}.Release|ARM.Deploy.0 = Release|ARM
		{4BEF89A2-4877-497F-BC10-84521B32A7E1}.Release|ARM64.ActiveCfg = Release|ARM64
		{4BEF89A2-4877-497F-BC10-84521B32A7E1}.Release|ARM64.Build.0 = Release|ARM64
		{4BEF89A2-4877-497F-BC10-84521B32A7E1}.Release|ARM64.Deploy.0 = Release|ARM64
		{4BEF89A2-4877-497F-BC10-84521B32A7E1}.Release|x64.ActiveCfg = Release|x64
		{4BEF89A2-4877-497F-BC10-84521B32A7E1}.Release|x64.Build.0 = Release|x64
		{4BEF89A2-4877-497F-BC10-84521B32A7E1}.Release|x64.Deploy.0 = Release|x64
		{4BEF89A2-4877-497F-BC10-84521B32A7E1}.Release|x86.ActiveCfg = Release|x86
		{4BEF89A2-4877-497F-BC10-84521B32A7E1}.Release|x86.Build.0 = Release|x86
		{4BEF89A2-4877-497F-BC10-84521B32A7E1}.Release|x86.Deploy.0 = Release|x86
		{5FB298A9-5EC4-41DB-BBCD-E97B9FB5E1B3}.Debug|Any CPU.ActiveCfg = Debug|Any CPU
		{5FB298A9-5EC4-41DB-BBCD-E97B9FB5E1B3}.Debug|Any CPU.Build.0 = Debug|Any CPU
		{5FB298A9-5EC4-41DB-BBCD-E97B9FB5E1B3}.Debug|ARM.ActiveCfg = Debug|Any CPU
		{5FB298A9-5EC4-41DB-BBCD-E97B9FB5E1B3}.Debug|ARM.Build.0 = Debug|Any CPU
		{5FB298A9-5EC4-41DB-BBCD-E97B9FB5E1B3}.Debug|ARM64.ActiveCfg = Debug|Any CPU
		{5FB298A9-5EC4-41DB-BBCD-E97B9FB5E1B3}.Debug|ARM64.Build.0 = Debug|Any CPU
		{5FB298A9-5EC4-41DB-BBCD-E97B9FB5E1B3}.Debug|x64.ActiveCfg = Debug|Any CPU
		{5FB298A9-5EC4-41DB-BBCD-E97B9FB5E1B3}.Debug|x64.Build.0 = Debug|Any CPU
		{5FB298A9-5EC4-41DB-BBCD-E97B9FB5E1B3}.Debug|x86.ActiveCfg = Debug|Any CPU
		{5FB298A9-5EC4-41DB-BBCD-E97B9FB5E1B3}.Debug|x86.Build.0 = Debug|Any CPU
		{5FB298A9-5EC4-41DB-BBCD-E97B9FB5E1B3}.Release|Any CPU.ActiveCfg = Release|Any CPU
		{5FB298A9-5EC4-41DB-BBCD-E97B9FB5E1B3}.Release|Any CPU.Build.0 = Release|Any CPU
		{5FB298A9-5EC4-41DB-BBCD-E97B9FB5E1B3}.Release|ARM.ActiveCfg = Release|Any CPU
		{5FB298A9-5EC4-41DB-BBCD-E97B9FB5E1B3}.Release|ARM.Build.0 = Release|Any CPU
		{5FB298A9-5EC4-41DB-BBCD-E97B9FB5E1B3}.Release|ARM64.ActiveCfg = Release|Any CPU
		{5FB298A9-5EC4-41DB-BBCD-E97B9FB5E1B3}.Release|ARM64.Build.0 = Release|Any CPU
		{5FB298A9-5EC4-41DB-BBCD-E97B9FB5E1B3}.Release|x64.ActiveCfg = Release|Any CPU
		{5FB298A9-5EC4-41DB-BBCD-E97B9FB5E1B3}.Release|x64.Build.0 = Release|Any CPU
		{5FB298A9-5EC4-41DB-BBCD-E97B9FB5E1B3}.Release|x86.ActiveCfg = Release|Any CPU
		{5FB298A9-5EC4-41DB-BBCD-E97B9FB5E1B3}.Release|x86.Build.0 = Release|Any CPU
		{FDA26813-571D-4E88-B6A4-A6CE8A101002}.Debug|Any CPU.ActiveCfg = Debug|Any CPU
		{FDA26813-571D-4E88-B6A4-A6CE8A101002}.Debug|Any CPU.Build.0 = Debug|Any CPU
		{FDA26813-571D-4E88-B6A4-A6CE8A101002}.Debug|ARM.ActiveCfg = Debug|Any CPU
		{FDA26813-571D-4E88-B6A4-A6CE8A101002}.Debug|ARM.Build.0 = Debug|Any CPU
		{FDA26813-571D-4E88-B6A4-A6CE8A101002}.Debug|ARM64.ActiveCfg = Debug|Any CPU
		{FDA26813-571D-4E88-B6A4-A6CE8A101002}.Debug|ARM64.Build.0 = Debug|Any CPU
		{FDA26813-571D-4E88-B6A4-A6CE8A101002}.Debug|x64.ActiveCfg = Debug|Any CPU
		{FDA26813-571D-4E88-B6A4-A6CE8A101002}.Debug|x64.Build.0 = Debug|Any CPU
		{FDA26813-571D-4E88-B6A4-A6CE8A101002}.Debug|x86.ActiveCfg = Debug|Any CPU
		{FDA26813-571D-4E88-B6A4-A6CE8A101002}.Debug|x86.Build.0 = Debug|Any CPU
		{FDA26813-571D-4E88-B6A4-A6CE8A101002}.Release|Any CPU.ActiveCfg = Release|Any CPU
		{FDA26813-571D-4E88-B6A4-A6CE8A101002}.Release|Any CPU.Build.0 = Release|Any CPU
		{FDA26813-571D-4E88-B6A4-A6CE8A101002}.Release|ARM.ActiveCfg = Release|Any CPU
		{FDA26813-571D-4E88-B6A4-A6CE8A101002}.Release|ARM.Build.0 = Release|Any CPU
		{FDA26813-571D-4E88-B6A4-A6CE8A101002}.Release|ARM64.ActiveCfg = Release|Any CPU
		{FDA26813-571D-4E88-B6A4-A6CE8A101002}.Release|ARM64.Build.0 = Release|Any CPU
		{FDA26813-571D-4E88-B6A4-A6CE8A101002}.Release|x64.ActiveCfg = Release|Any CPU
		{FDA26813-571D-4E88-B6A4-A6CE8A101002}.Release|x64.Build.0 = Release|Any CPU
		{FDA26813-571D-4E88-B6A4-A6CE8A101002}.Release|x86.ActiveCfg = Release|Any CPU
		{FDA26813-571D-4E88-B6A4-A6CE8A101002}.Release|x86.Build.0 = Release|Any CPU
		{7A852097-EFE8-4CAF-B2F6-1AF2BEF93202}.Debug|Any CPU.ActiveCfg = Debug|Any CPU
		{7A852097-EFE8-4CAF-B2F6-1AF2BEF93202}.Debug|Any CPU.Build.0 = Debug|Any CPU
		{7A852097-EFE8-4CAF-B2F6-1AF2BEF93202}.Debug|ARM.ActiveCfg = Debug|Any CPU
		{7A852097-EFE8-4CAF-B2F6-1AF2BEF93202}.Debug|ARM.Build.0 = Debug|Any CPU
		{7A852097-EFE8-4CAF-B2F6-1AF2BEF93202}.Debug|ARM64.ActiveCfg = Debug|Any CPU
		{7A852097-EFE8-4CAF-B2F6-1AF2BEF93202}.Debug|ARM64.Build.0 = Debug|Any CPU
		{7A852097-EFE8-4CAF-B2F6-1AF2BEF93202}.Debug|x64.ActiveCfg = Debug|Any CPU
		{7A852097-EFE8-4CAF-B2F6-1AF2BEF93202}.Debug|x64.Build.0 = Debug|Any CPU
		{7A852097-EFE8-4CAF-B2F6-1AF2BEF93202}.Debug|x86.ActiveCfg = Debug|Any CPU
		{7A852097-EFE8-4CAF-B2F6-1AF2BEF93202}.Debug|x86.Build.0 = Debug|Any CPU
		{7A852097-EFE8-4CAF-B2F6-1AF2BEF93202}.Release|Any CPU.ActiveCfg = Release|Any CPU
		{7A852097-EFE8-4CAF-B2F6-1AF2BEF93202}.Release|Any CPU.Build.0 = Release|Any CPU
		{7A852097-EFE8-4CAF-B2F6-1AF2BEF93202}.Release|ARM.ActiveCfg = Release|Any CPU
		{7A852097-EFE8-4CAF-B2F6-1AF2BEF93202}.Release|ARM.Build.0 = Release|Any CPU
		{7A852097-EFE8-4CAF-B2F6-1AF2BEF93202}.Release|ARM64.ActiveCfg = Release|Any CPU
		{7A852097-EFE8-4CAF-B2F6-1AF2BEF93202}.Release|ARM64.Build.0 = Release|Any CPU
		{7A852097-EFE8-4CAF-B2F6-1AF2BEF93202}.Release|x64.ActiveCfg = Release|Any CPU
		{7A852097-EFE8-4CAF-B2F6-1AF2BEF93202}.Release|x64.Build.0 = Release|Any CPU
		{7A852097-EFE8-4CAF-B2F6-1AF2BEF93202}.Release|x86.ActiveCfg = Release|Any CPU
		{7A852097-EFE8-4CAF-B2F6-1AF2BEF93202}.Release|x86.Build.0 = Release|Any CPU
		{AF6165EC-3550-4728-813E-9D686BF5B6EA}.Debug|Any CPU.ActiveCfg = Debug|Any CPU
		{AF6165EC-3550-4728-813E-9D686BF5B6EA}.Debug|Any CPU.Build.0 = Debug|Any CPU
		{AF6165EC-3550-4728-813E-9D686BF5B6EA}.Debug|ARM.ActiveCfg = Debug|Any CPU
		{AF6165EC-3550-4728-813E-9D686BF5B6EA}.Debug|ARM.Build.0 = Debug|Any CPU
		{AF6165EC-3550-4728-813E-9D686BF5B6EA}.Debug|ARM64.ActiveCfg = Debug|Any CPU
		{AF6165EC-3550-4728-813E-9D686BF5B6EA}.Debug|ARM64.Build.0 = Debug|Any CPU
		{AF6165EC-3550-4728-813E-9D686BF5B6EA}.Debug|x64.ActiveCfg = Debug|Any CPU
		{AF6165EC-3550-4728-813E-9D686BF5B6EA}.Debug|x64.Build.0 = Debug|Any CPU
		{AF6165EC-3550-4728-813E-9D686BF5B6EA}.Debug|x86.ActiveCfg = Debug|Any CPU
		{AF6165EC-3550-4728-813E-9D686BF5B6EA}.Debug|x86.Build.0 = Debug|Any CPU
		{AF6165EC-3550-4728-813E-9D686BF5B6EA}.Release|Any CPU.ActiveCfg = Release|Any CPU
		{AF6165EC-3550-4728-813E-9D686BF5B6EA}.Release|Any CPU.Build.0 = Release|Any CPU
		{AF6165EC-3550-4728-813E-9D686BF5B6EA}.Release|ARM.ActiveCfg = Release|Any CPU
		{AF6165EC-3550-4728-813E-9D686BF5B6EA}.Release|ARM.Build.0 = Release|Any CPU
		{AF6165EC-3550-4728-813E-9D686BF5B6EA}.Release|ARM64.ActiveCfg = Release|Any CPU
		{AF6165EC-3550-4728-813E-9D686BF5B6EA}.Release|ARM64.Build.0 = Release|Any CPU
		{AF6165EC-3550-4728-813E-9D686BF5B6EA}.Release|x64.ActiveCfg = Release|Any CPU
		{AF6165EC-3550-4728-813E-9D686BF5B6EA}.Release|x64.Build.0 = Release|Any CPU
		{AF6165EC-3550-4728-813E-9D686BF5B6EA}.Release|x86.ActiveCfg = Release|Any CPU
		{AF6165EC-3550-4728-813E-9D686BF5B6EA}.Release|x86.Build.0 = Release|Any CPU
	EndGlobalSection
	GlobalSection(SolutionProperties) = preSolution
		HideSolutionNode = FALSE
	EndGlobalSection
	GlobalSection(ExtensibilityGlobals) = postSolution
		SolutionGuid = {B3922032-4505-4EC3-B08D-4B87CE3947BA}
	EndGlobalSection
EndGlobal
